
Microsoft Visual Studio Solution File, Format Version 12.00
# Visual Studio 15
VisualStudioVersion = 15.0.27703.2035
MinimumVisualStudioVersion = 10.0.40219.1
Project("{9A19103F-16F7-4668-BE54-9A1E7A4F7556}") = "MVP", "MVP\MVP.csproj", "{05A90E2F-3D51-4C7F-A5A3-F21EDE9E661F}"
EndProject
Project("{9A19103F-16F7-4668-BE54-9A1E7A4F7556}") = "Processing", "Processing\Processing.csproj", "{6F2324DC-BACF-415A-8DE4-0D4DF01BF142}"
EndProject
Project("{9A19103F-16F7-4668-BE54-9A1E7A4F7556}") = "Processing.UnitTests", "Processing.UnitTests\Processing.UnitTests.csproj", "{4E563D81-BB79-450C-8D15-82B0206F66A6}"
EndProject
Project("{9A19103F-16F7-4668-BE54-9A1E7A4F7556}") = "WebApplication", "WebApplication\WebApplication.csproj", "{55D83895-3DBA-49B0-AD58-0DBE75CEFE5F}"
EndProject
Global
	GlobalSection(SolutionConfigurationPlatforms) = preSolution
		Debug|Any CPU = Debug|Any CPU
		Release|Any CPU = Release|Any CPU
	EndGlobalSection
	GlobalSection(ProjectConfigurationPlatforms) = postSolution
		{05A90E2F-3D51-4C7F-A5A3-F21EDE9E661F}.Debug|Any CPU.ActiveCfg = Debug|Any CPU
		{05A90E2F-3D51-4C7F-A5A3-F21EDE9E661F}.Debug|Any CPU.Build.0 = Debug|Any CPU
		{05A90E2F-3D51-4C7F-A5A3-F21EDE9E661F}.Release|Any CPU.ActiveCfg = Release|Any CPU
		{05A90E2F-3D51-4C7F-A5A3-F21EDE9E661F}.Release|Any CPU.Build.0 = Release|Any CPU
		{6F2324DC-BACF-415A-8DE4-0D4DF01BF142}.Debug|Any CPU.ActiveCfg = Debug|Any CPU
		{6F2324DC-BACF-415A-8DE4-0D4DF01BF142}.Debug|Any CPU.Build.0 = Debug|Any CPU
		{6F2324DC-BACF-415A-8DE4-0D4DF01BF142}.Release|Any CPU.ActiveCfg = Release|Any CPU
		{6F2324DC-BACF-415A-8DE4-0D4DF01BF142}.Release|Any CPU.Build.0 = Release|Any CPU
		{4E563D81-BB79-450C-8D15-82B0206F66A6}.Debug|Any CPU.ActiveCfg = Debug|Any CPU
		{4E563D81-BB79-450C-8D15-82B0206F66A6}.Debug|Any CPU.Build.0 = Debug|Any CPU
		{4E563D81-BB79-450C-8D15-82B0206F66A6}.Release|Any CPU.ActiveCfg = Release|Any CPU
		{4E563D81-BB79-450C-8D15-82B0206F66A6}.Release|Any CPU.Build.0 = Release|Any CPU
		{55D83895-3DBA-49B0-AD58-0DBE75CEFE5F}.Debug|Any CPU.ActiveCfg = Debug|Any CPU
		{55D83895-3DBA-49B0-AD58-0DBE75CEFE5F}.Debug|Any CPU.Build.0 = Debug|Any CPU
		{55D83895-3DBA-49B0-AD58-0DBE75CEFE5F}.Release|Any CPU.ActiveCfg = Release|Any CPU
		{55D83895-3DBA-49B0-AD58-0DBE75CEFE5F}.Release|Any CPU.Build.0 = Release|Any CPU
	EndGlobalSection
	GlobalSection(SolutionProperties) = preSolution
		HideSolutionNode = FALSE
	EndGlobalSection
	GlobalSection(ExtensibilityGlobals) = postSolution
		SolutionGuid = {836E5CCB-BF33-4A7A-AFB1-D263BD1AA61A}
	EndGlobalSection
EndGlobal
